
Microsoft Visual Studio Solution File, Format Version 12.00
# Visual Studio Version 17
VisualStudioVersion = 17.14.37216.2 d17.14
MinimumVisualStudioVersion = 10.0.40219.1
Project("{FAE04EC0-301F-11D3-BF4B-00C04F79EFBC}") = "VisionGuard_AI", "VisionGuard_AI.csproj", "{A1DB8F8A-9B82-4C1D-A788-924AB6277136}"
EndProject
Global
	GlobalSection(SolutionConfigurationPlatforms) = preSolution
		Debug|Any CPU = Debug|Any CPU
		Release|Any CPU = Release|Any CPU
	EndGlobalSection
	GlobalSection(ProjectConfigurationPlatforms) = postSolution
		{A1DB8F8A-9B82-4C1D-A788-924AB6277136}.Debug|Any CPU.ActiveCfg = Debug|Any CPU
		{A1DB8F8A-9B82-4C1D-A788-924AB6277136}.Debug|Any CPU.Build.0 = Debug|Any CPU
		{A1DB8F8A-9B82-4C1D-A788-924AB6277136}.Release|Any CPU.ActiveCfg = Release|Any CPU
		{A1DB8F8A-9B82-4C1D-A788-924AB6277136}.Release|Any CPU.Build.0 = Release|Any CPU
	EndGlobalSection
	GlobalSection(SolutionProperties) = preSolution
		HideSolutionNode = FALSE
	EndGlobalSection
	GlobalSection(ExtensibilityGlobals) = postSolution
		SolutionGuid = {28DC955A-3D6F-488F-AFE9-AF3C417632A5}
	EndGlobalSection
EndGlobal
